
Microsoft Visual Studio Solution File, Format Version 12.00
# Visual Studio 15
VisualStudioVersion = 15.0.26124.0
MinimumVisualStudioVersion = 15.0.26124.0
Project("{FAE04EC0-301F-11D3-BF4B-00C04F79EFBC}") = "Persistence", "Persistence\Persistence.csproj", "{9178F01E-3D1B-4E80-A367-772AC0470417}"
EndProject
Project("{FAE04EC0-301F-11D3-BF4B-00C04F79EFBC}") = "DAL", "DAL\DAL.csproj", "{DA81CBEB-CA1F-4574-B80B-7C0B9F3936E5}"
EndProject
Project("{FAE04EC0-301F-11D3-BF4B-00C04F79EFBC}") = "BL", "BL\BL.csproj", "{868C4638-59C5-439E-B15E-A2D2E493F957}"
EndProject
Project("{FAE04EC0-301F-11D3-BF4B-00C04F79EFBC}") = "PL_Console", "PL_Console\PL_Console.csproj", "{3046D09F-D843-4D73-A60D-90BD134BEB49}"
EndProject
Project("{FAE04EC0-301F-11D3-BF4B-00C04F79EFBC}") = "DAL.Test", "DAL.Test\DAL.Test.csproj", "{572DE1D3-BDAC-4ABF-9DAB-BC79354B3BC0}"
EndProject
Project("{FAE04EC0-301F-11D3-BF4B-00C04F79EFBC}") = "BL.Test", "BL.Test\BL.Test.csproj", "{C04355FA-8AC0-4F0F-ADCA-418E73D241A6}"
EndProject
Global
	GlobalSection(SolutionConfigurationPlatforms) = preSolution
		Debug|Any CPU = Debug|Any CPU
		Debug|x64 = Debug|x64
		Debug|x86 = Debug|x86
		Release|Any CPU = Release|Any CPU
		Release|x64 = Release|x64
		Release|x86 = Release|x86
	EndGlobalSection
	GlobalSection(SolutionProperties) = preSolution
		HideSolutionNode = FALSE
	EndGlobalSection
	GlobalSection(ProjectConfigurationPlatforms) = postSolution
		{9178F01E-3D1B-4E80-A367-772AC0470417}.Debug|Any CPU.ActiveCfg = Debug|Any CPU
		{9178F01E-3D1B-4E80-A367-772AC0470417}.Debug|Any CPU.Build.0 = Debug|Any CPU
		{9178F01E-3D1B-4E80-A367-772AC0470417}.Debug|x64.ActiveCfg = Debug|Any CPU
		{9178F01E-3D1B-4E80-A367-772AC0470417}.Debug|x64.Build.0 = Debug|Any CPU
		{9178F01E-3D1B-4E80-A367-772AC0470417}.Debug|x86.ActiveCfg = Debug|Any CPU
		{9178F01E-3D1B-4E80-A367-772AC0470417}.Debug|x86.Build.0 = Debug|Any CPU
		{9178F01E-3D1B-4E80-A367-772AC0470417}.Release|Any CPU.ActiveCfg = Release|Any CPU
		{9178F01E-3D1B-4E80-A367-772AC0470417}.Release|Any CPU.Build.0 = Release|Any CPU
		{9178F01E-3D1B-4E80-A367-772AC0470417}.Release|x64.ActiveCfg = Release|Any CPU
		{9178F01E-3D1B-4E80-A367-772AC0470417}.Release|x64.Build.0 = Release|Any CPU
		{9178F01E-3D1B-4E80-A367-772AC0470417}.Release|x86.ActiveCfg = Release|Any CPU
		{9178F01E-3D1B-4E80-A367-772AC0470417}.Release|x86.Build.0 = Release|Any CPU
		{DA81CBEB-CA1F-4574-B80B-7C0B9F3936E5}.Debug|Any CPU.ActiveCfg = Debug|Any CPU
		{DA81CBEB-CA1F-4574-B80B-7C0B9F3936E5}.Debug|Any CPU.Build.0 = Debug|Any CPU
		{DA81CBEB-CA1F-4574-B80B-7C0B9F3936E5}.Debug|x64.ActiveCfg = Debug|Any CPU
		{DA81CBEB-CA1F-4574-B80B-7C0B9F3936E5}.Debug|x64.Build.0 = Debug|Any CPU
		{DA81CBEB-CA1F-4574-B80B-7C0B9F3936E5}.Debug|x86.ActiveCfg = Debug|Any CPU
		{DA81CBEB-CA1F-4574-B80B-7C0B9F3936E5}.Debug|x86.Build.0 = Debug|Any CPU
		{DA81CBEB-CA1F-4574-B80B-7C0B9F3936E5}.Release|Any CPU.ActiveCfg = Release|Any CPU
		{DA81CBEB-CA1F-4574-B80B-7C0B9F3936E5}.Release|Any CPU.Build.0 = Release|Any CPU
		{DA81CBEB-CA1F-4574-B80B-7C0B9F3936E5}.Release|x64.ActiveCfg = Release|Any CPU
		{DA81CBEB-CA1F-4574-B80B-7C0B9F3936E5}.Release|x64.Build.0 = Release|Any CPU
		{DA81CBEB-CA1F-4574-B80B-7C0B9F3936E5}.Release|x86.ActiveCfg = Release|Any CPU
		{DA81CBEB-CA1F-4574-B80B-7C0B9F3936E5}.Release|x86.Build.0 = Release|Any CPU
		{868C4638-59C5-439E-B15E-A2D2E493F957}.Debug|Any CPU.ActiveCfg = Debug|Any CPU
		{868C4638-59C5-439E-B15E-A2D2E493F957}.Debug|Any CPU.Build.0 = Debug|Any CPU
		{868C4638-59C5-439E-B15E-A2D2E493F957}.Debug|x64.ActiveCfg = Debug|Any CPU
		{868C4638-59C5-439E-B15E-A2D2E493F957}.Debug|x64.Build.0 = Debug|Any CPU
		{868C4638-59C5-439E-B15E-A2D2E493F957}.Debug|x86.ActiveCfg = Debug|Any CPU
		{868C4638-59C5-439E-B15E-A2D2E493F957}.Debug|x86.Build.0 = Debug|Any CPU
		{868C4638-59C5-439E-B15E-A2D2E493F957}.Release|Any CPU.ActiveCfg = Release|Any CPU
		{868C4638-59C5-439E-B15E-A2D2E493F957}.Release|Any CPU.Build.0 = Release|Any CPU
		{868C4638-59C5-439E-B15E-A2D2E493F957}.Release|x64.ActiveCfg = Release|Any CPU
		{868C4638-59C5-439E-B15E-A2D2E493F957}.Release|x64.Build.0 = Release|Any CPU
		{868C4638-59C5-439E-B15E-A2D2E493F957}.Release|x86.ActiveCfg = Release|Any CPU
		{868C4638-59C5-439E-B15E-A2D2E493F957}.Release|x86.Build.0 = Release|Any CPU
		{3046D09F-D843-4D73-A60D-90BD134BEB49}.Debug|Any CPU.ActiveCfg = Debug|Any CPU
		{3046D09F-D843-4D73-A60D-90BD134BEB49}.Debug|Any CPU.Build.0 = Debug|Any CPU
		{3046D09F-D843-4D73-A60D-90BD134BEB49}.Debug|x64.ActiveCfg = Debug|Any CPU
		{3046D09F-D843-4D73-A60D-90BD134BEB49}.Debug|x64.Build.0 = Debug|Any CPU
		{3046D09F-D843-4D73-A60D-90BD134BEB49}.Debug|x86.ActiveCfg = Debug|Any CPU
		{3046D09F-D843-4D73-A60D-90BD134BEB49}.Debug|x86.Build.0 = Debug|Any CPU
		{3046D09F-D843-4D73-A60D-90BD134BEB49}.Release|Any CPU.ActiveCfg = Release|Any CPU
		{3046D09F-D843-4D73-A60D-90BD134BEB49}.Release|Any CPU.Build.0 = Release|Any CPU
		{3046D09F-D843-4D73-A60D-90BD134BEB49}.Release|x64.ActiveCfg = Release|Any CPU
		{3046D09F-D843-4D73-A60D-90BD134BEB49}.Release|x64.Build.0 = Release|Any CPU
		{3046D09F-D843-4D73-A60D-90BD134BEB49}.Release|x86.ActiveCfg = Release|Any CPU
		{3046D09F-D843-4D73-A60D-90BD134BEB49}.Release|x86.Build.0 = Release|Any CPU
		{572DE1D3-BDAC-4ABF-9DAB-BC79354B3BC0}.Debug|Any CPU.ActiveCfg = Debug|Any CPU
		{572DE1D3-BDAC-4ABF-9DAB-BC79354B3BC0}.Debug|Any CPU.Build.0 = Debug|Any CPU
		{572DE1D3-BDAC-4ABF-9DAB-BC79354B3BC0}.Debug|x64.ActiveCfg = Debug|Any CPU
		{572DE1D3-BDAC-4ABF-9DAB-BC79354B3BC0}.Debug|x64.Build.0 = Debug|Any CPU
		{572DE1D3-BDAC-4ABF-9DAB-BC79354B3BC0}.Debug|x86.ActiveCfg = Debug|Any CPU
		{572DE1D3-BDAC-4ABF-9DAB-BC79354B3BC0}.Debug|x86.Build.0 = Debug|Any CPU
		{572DE1D3-BDAC-4ABF-9DAB-BC79354B3BC0}.Release|Any CPU.ActiveCfg = Release|Any CPU
		{572DE1D3-BDAC-4ABF-9DAB-BC79354B3BC0}.Release|Any CPU.Build.0 = Release|Any CPU
		{572DE1D3-BDAC-4ABF-9DAB-BC79354B3BC0}.Release|x64.ActiveCfg = Release|Any CPU
		{572DE1D3-BDAC-4ABF-9DAB-BC79354B3BC0}.Release|x64.Build.0 = Release|Any CPU
		{572DE1D3-BDAC-4ABF-9DAB-BC79354B3BC0}.Release|x86.ActiveCfg = Release|Any CPU
		{572DE1D3-BDAC-4ABF-9DAB-BC79354B3BC0}.Release|x86.Build.0 = Release|Any CPU
		{C04355FA-8AC0-4F0F-ADCA-418E73D241A6}.Debug|Any CPU.ActiveCfg = Debug|Any CPU
		{C04355FA-8AC0-4F0F-ADCA-418E73D241A6}.Debug|Any CPU.Build.0 = Debug|Any CPU
		{C04355FA-8AC0-4F0F-ADCA-418E73D241A6}.Debug|x64.ActiveCfg = Debug|Any CPU
		{C04355FA-8AC0-4F0F-ADCA-418E73D241A6}.Debug|x64.Build.0 = Debug|Any CPU
		{C04355FA-8AC0-4F0F-ADCA-418E73D241A6}.Debug|x86.ActiveCfg = Debug|Any CPU
		{C04355FA-8AC0-4F0F-ADCA-418E73D241A6}.Debug|x86.Build.0 = Debug|Any CPU
		{C04355FA-8AC0-4F0F-ADCA-418E73D241A6}.Release|Any CPU.ActiveCfg = Release|Any CPU
		{C04355FA-8AC0-4F0F-ADCA-418E73D241A6}.Release|Any CPU.Build.0 = Release|Any CPU
		{C04355FA-8AC0-4F0F-ADCA-418E73D241A6}.Release|x64.ActiveCfg = Release|Any CPU
		{C04355FA-8AC0-4F0F-ADCA-418E73D241A6}.Release|x64.Build.0 = Release|Any CPU
		{C04355FA-8AC0-4F0F-ADCA-418E73D241A6}.Release|x86.ActiveCfg = Release|Any CPU
		{C04355FA-8AC0-4F0F-ADCA-418E73D241A6}.Release|x86.Build.0 = Release|Any CPU
	EndGlobalSection
EndGlobal
